
Microsoft Visual Studio Solution File, Format Version 12.00
Project("{FAE04EC0-301F-11D3-BF4B-00C04F79EFBC}") = "LazyECS", "LazyECS\LazyECS.csproj", "{4A387A95-6457-4D8E-B7E9-0471F62875F6}"
EndProject
Global
	GlobalSection(SolutionConfigurationPlatforms) = preSolution
		Debug|Any CPU = Debug|Any CPU
		Release|Any CPU = Release|Any CPU
	EndGlobalSection
	GlobalSection(ProjectConfigurationPlatforms) = postSolution
		{4A387A95-6457-4D8E-B7E9-0471F62875F6}.Debug|Any CPU.ActiveCfg = Debug|Any CPU
		{4A387A95-6457-4D8E-B7E9-0471F62875F6}.Debug|Any CPU.Build.0 = Debug|Any CPU
		{4A387A95-6457-4D8E-B7E9-0471F62875F6}.Release|Any CPU.ActiveCfg = Release|Any CPU
		{4A387A95-6457-4D8E-B7E9-0471F62875F6}.Release|Any CPU.Build.0 = Release|Any CPU
	EndGlobalSection
EndGlobal
